// !$*UTF8*$!
{
	archiveVersion = 1;
	classes = {
	};
	objectVersion = 77;
	objects = {

/* Begin PBXContainerItemProxy section */
		18FBD2C52CD6742000A00CFB /* PBXContainerItemProxy */ = {
			isa = PBXContainerItemProxy;
			containerPortal = 18FBD2AC2CD6741F00A00CFB /* Project object */;
			proxyType = 1;
			remoteGlobalIDString = 18FBD2B32CD6741F00A00CFB;
			remoteInfo = week1_class;
		};
		18FBD2CF2CD6742000A00CFB /* PBXContainerItemProxy */ = {
			isa = PBXContainerItemProxy;
			containerPortal = 18FBD2AC2CD6741F00A00CFB /* Project object */;
			proxyType = 1;
			remoteGlobalIDString = 18FBD2B32CD6741F00A00CFB;
			remoteInfo = week1_class;
		};
/* End PBXContainerItemProxy section */

/* Begin PBXFileReference section */
		18FBD2B42CD6741F00A00CFB /* week1_class.app */ = {isa = PBXFileReference; explicitFileType = wrapper.application; includeInIndex = 0; path = week1_class.app; sourceTree = BUILT_PRODUCTS_DIR; };
		18FBD2C42CD6742000A00CFB /* week1_classTests.xctest */ = {isa = PBXFileReference; explicitFileType = wrapper.cfbundle; includeInIndex = 0; path = week1_classTests.xctest; sourceTree = BUILT_PRODUCTS_DIR; };
		18FBD2CE2CD6742000A00CFB /* week1_classUITests.xctest */ = {isa = PBXFileReference; explicitFileType = wrapper.cfbundle; includeInIndex = 0; path = week1_classUITests.xctest; sourceTree = BUILT_PRODUCTS_DIR; };
/* End PBXFileReference section */

/* Begin PBXFileSystemSynchronizedRootGroup section */
		18FBD2B62CD6741F00A00CFB /* week1_class */ = {
			isa = PBXFileSystemSynchronizedRootGroup;
			path = week1_class;
			sourceTree = "<group>";
		};
		18FBD2C72CD6742000A00CFB /* week1_classTests */ = {
			isa = PBXFileSystemSynchronizedRootGroup;
			path = week1_classTests;
			sourceTree = "<group>";
		};
		18FBD2D12CD6742000A00CFB /* week1_classUITests */ = {
			isa = PBXFileSystemSynchronizedRootGroup;
			path = week1_classUITests;
			sourceTree = "<group>";
		};
/* End PBXFileSystemSynchronizedRootGroup section */

/* Begin PBXFrameworksBuildPhase section */
		18FBD2B12CD6741F00A00CFB /* Frameworks */ = {
			isa = PBXFrameworksBuildPhase;
			buildActionMask = 2147483647;
			files = (
			);
			runOnlyForDeploymentPostprocessing = 0;
		};
		18FBD2C12CD6742000A00CFB /* Frameworks */ = {
			isa = PBXFrameworksBuildPhase;
			buildActionMask = 2147483647;
			files = (
			);
			runOnlyForDeploymentPostprocessing = 0;
		};
		18FBD2CB2CD6742000A00CFB /* Frameworks */ = {
			isa = PBXFrameworksBuildPhase;
			buildActionMask = 2147483647;
			files = (
			);
			runOnlyForDeploymentPostprocessing = 0;
		};
/* End PBXFrameworksBuildPhase section */

/* Begin PBXGroup section */
		18FBD2AB2CD6741F00A00CFB = {
			isa = PBXGroup;
			children = (
				18FBD2B62CD6741F00A00CFB /* week1_class */,
				18FBD2C72CD6742000A00CFB /* week1_classTests */,
				18FBD2D12CD6742000A00CFB /* week1_classUITests */,
				18FBD2B52CD6741F00A00CFB /* Products */,
			);
			sourceTree = "<group>";
		};
		18FBD2B52CD6741F00A00CFB /* Products */ = {
			isa = PBXGroup;
			children = (
				18FBD2B42CD6741F00A00CFB /* week1_class.app */,
				18FBD2C42CD6742000A00CFB /* week1_classTests.xctest */,
				18FBD2CE2CD6742000A00CFB /* week1_classUITests.xctest */,
			);
			name = Products;
			sourceTree = "<group>";
		};
/* End PBXGroup section */

/* Begin PBXNativeTarget section */
		18FBD2B32CD6741F00A00CFB /* week1_class */ = {
			isa = PBXNativeTarget;
			buildConfigurationList = 18FBD2D82CD6742000A00CFB /* Build configuration list for PBXNativeTarget "week1_class" */;
			buildPhases = (
				18FBD2B02CD6741F00A00CFB /* Sources */,
				18FBD2B12CD6741F00A00CFB /* Frameworks */,
				18FBD2B22CD6741F00A00CFB /* Resources */,
			);
			buildRules = (
			);
			dependencies = (
			);
			fileSystemSynchronizedGroups = (
				18FBD2B62CD6741F00A00CFB /* week1_class */,
			);
			name = week1_class;
			packageProductDependencies = (
			);
			productName = week1_class;
			productReference = 18FBD2B42CD6741F00A00CFB /* week1_class.app */;
			productType = "com.apple.product-type.application";
		};
		18FBD2C32CD6742000A00CFB /* week1_classTests */ = {
			isa = PBXNativeTarget;
			buildConfigurationList = 18FBD2DB2CD6742000A00CFB /* Build configuration list for PBXNativeTarget "week1_classTests" */;
			buildPhases = (
				18FBD2C02CD6742000A00CFB /* Sources */,
				18FBD2C12CD6742000A00CFB /* Frameworks */,
				18FBD2C22CD6742000A00CFB /* Resources */,
			);
			buildRules = (
			);
			dependencies = (
				18FBD2C62CD6742000A00CFB /* PBXTargetDependency */,
			);
			fileSystemSynchronizedGroups = (
				18FBD2C72CD6742000A00CFB /* week1_classTests */,
			);
			name = week1_classTests;
			packageProductDependencies = (
			);
			productName = week1_classTests;
			productReference = 18FBD2C42CD6742000A00CFB /* week1_classTests.xctest */;
			productType = "com.apple.product-type.bundle.unit-test";
		};
		18FBD2CD2CD6742000A00CFB /* week1_classUITests */ = {
			isa = PBXNativeTarget;
			buildConfigurationList = 18FBD2DE2CD6742000A00CFB /* Build configuration list for PBXNativeTarget "week1_classUITests" */;
			buildPhases = (
				18FBD2CA2CD6742000A00CFB /* Sources */,
				18FBD2CB2CD6742000A00CFB /* Frameworks */,
				18FBD2CC2CD6742000A00CFB /* Resources */,
			);
			buildRules = (
			);
			dependencies = (
				18FBD2D02CD6742000A00CFB /* PBXTargetDependency */,
			);
			fileSystemSynchronizedGroups = (
				18FBD2D12CD6742000A00CFB /* week1_classUITests */,
			);
			name = week1_classUITests;
			packageProductDependencies = (
			);
			productName = week1_classUITests;
			productReference = 18FBD2CE2CD6742000A00CFB /* week1_classUITests.xctest */;
			productType = "com.apple.product-type.bundle.ui-testing";
		};
/* End PBXNativeTarget section */

/* Begin PBXProject section */
		18FBD2AC2CD6741F00A00CFB /* Project object */ = {
			isa = PBXProject;
			attributes = {
				BuildIndependentTargetsInParallel = 1;
				LastSwiftUpdateCheck = 1610;
				LastUpgradeCheck = 1610;
				TargetAttributes = {
					18FBD2B32CD6741F00A00CFB = {
						CreatedOnToolsVersion = 16.1;
					};
					18FBD2C32CD6742000A00CFB = {
						CreatedOnToolsVersion = 16.1;
						TestTargetID = 18FBD2B32CD6741F00A00CFB;
					};
					18FBD2CD2CD6742000A00CFB = {
						CreatedOnToolsVersion = 16.1;
						TestTargetID = 18FBD2B32CD6741F00A00CFB;
					};
				};
			};
			buildConfigurationList = 18FBD2AF2CD6741F00A00CFB /* Build configuration list for PBXProject "week1_class" */;
			developmentRegion = en;
			hasScannedForEncodings = 0;
			knownRegions = (
				en,
				Base,
			);
			mainGroup = 18FBD2AB2CD6741F00A00CFB;
			minimizedProjectReferenceProxies = 1;
			preferredProjectObjectVersion = 77;
			productRefGroup = 18FBD2B52CD6741F00A00CFB /* Products */;
			projectDirPath = "";
			projectRoot = "";
			targets = (
				18FBD2B32CD6741F00A00CFB /* week1_class */,
				18FBD2C32CD6742000A00CFB /* week1_classTests */,
				18FBD2CD2CD6742000A00CFB /* week1_classUITests */,
			);
		};
/* End PBXProject section */

/* Begin PBXResourcesBuildPhase section */
		18FBD2B22CD6741F00A00CFB /* Resources */ = {
			isa = PBXResourcesBuildPhase;
			buildActionMask = 2147483647;
			files = (
			);
			runOnlyForDeploymentPostprocessing = 0;
		};
		18FBD2C22CD6742000A00CFB /* Resources */ = {
			isa = PBXResourcesBuildPhase;
			buildActionMask = 2147483647;
			files = (
			);
			runOnlyForDeploymentPostprocessing = 0;
		};
		18FBD2CC2CD6742000A00CFB /* Resources */ = {
			isa = PBXResourcesBuildPhase;
			buildActionMask = 2147483647;
			files = (
			);
			runOnlyForDeploymentPostprocessing = 0;
		};
/* End PBXResourcesBuildPhase section */

/* Begin PBXSourcesBuildPhase section */
		18FBD2B02CD6741F00A00CFB /* Sources */ = {
			isa = PBXSourcesBuildPhase;
			buildActionMask = 2147483647;
			files = (
			);
			runOnlyForDeploymentPostprocessing = 0;
		};
		18FBD2C02CD6742000A00CFB /* Sources */ = {
			isa = PBXSourcesBuildPhase;
			buildActionMask = 2147483647;
			files = (
			);
			runOnlyForDeploymentPostprocessing = 0;
		};
		18FBD2CA2CD6742000A00CFB /* Sources */ = {
			isa = PBXSourcesBuildPhase;
			buildActionMask = 2147483647;
			files = (
			);
			runOnlyForDeploymentPostprocessing = 0;
		};
/* End PBXSourcesBuildPhase section */

/* Begin PBXTargetDependency section */
		18FBD2C62CD6742000A00CFB /* PBXTargetDependency */ = {
			isa = PBXTargetDependency;
			target = 18FBD2B32CD6741F00A00CFB /* week1_class */;
			targetProxy = 18FBD2C52CD6742000A00CFB /* PBXContainerItemProxy */;
		};
		18FBD2D02CD6742000A00CFB /* PBXTargetDependency */ = {
			isa = PBXTargetDependency;
			target = 18FBD2B32CD6741F00A00CFB /* week1_class */;
			targetProxy = 18FBD2CF2CD6742000A00CFB /* PBXContainerItemProxy */;
		};
/* End PBXTargetDependency section */

/* Begin XCBuildConfiguration section */
		18FBD2D62CD6742000A00CFB /* Debug */ = {
			isa = XCBuildConfiguration;
			buildSettings = {
				ALWAYS_SEARCH_USER_PATHS = NO;
				ASSETCATALOG_COMPILER_GENERATE_SWIFT_ASSET_SYMBOL_EXTENSIONS = YES;
				CLANG_ANALYZER_NONNULL = YES;
				CLANG_ANALYZER_NUMBER_OBJECT_CONVERSION = YES_AGGRESSIVE;
				CLANG_CXX_LANGUAGE_STANDARD = "gnu++20";
				CLANG_ENABLE_MODULES = YES;
				CLANG_ENABLE_OBJC_ARC = YES;
				CLANG_ENABLE_OBJC_WEAK = YES;
				CLANG_WARN_BLOCK_CAPTURE_AUTORELEASING = YES;
				CLANG_WARN_BOOL_CONVERSION = YES;
				CLANG_WARN_COMMA = YES;
				CLANG_WARN_CONSTANT_CONVERSION = YES;
				CLANG_WARN_DEPRECATED_OBJC_IMPLEMENTATIONS = YES;
				CLANG_WARN_DIRECT_OBJC_ISA_USAGE = YES_ERROR;
				CLANG_WARN_DOCUMENTATION_COMMENTS = YES;
				CLANG_WARN_EMPTY_BODY = YES;
				CLANG_WARN_ENUM_CONVERSION = YES;
				CLANG_WARN_INFINITE_RECURSION = YES;
				CLANG_WARN_INT_CONVERSION = YES;
				CLANG_WARN_NON_LITERAL_NULL_CONVERSION = YES;
				CLANG_WARN_OBJC_IMPLICIT_RETAIN_SELF = YES;
				CLANG_WARN_OBJC_LITERAL_CONVERSION = YES;
				CLANG_WARN_OBJC_ROOT_CLASS = YES_ERROR;
				CLANG_WARN_QUOTED_INCLUDE_IN_FRAMEWORK_HEADER = YES;
				CLANG_WARN_RANGE_LOOP_ANALYSIS = YES;
				CLANG_WARN_STRICT_PROTOTYPES = YES;
				CLANG_WARN_SUSPICIOUS_MOVE = YES;
				CLANG_WARN_UNGUARDED_AVAILABILITY = YES_AGGRESSIVE;
				CLANG_WARN_UNREACHABLE_CODE = YES;
				CLANG_WARN__DUPLICATE_METHOD_MATCH = YES;
				COPY_PHASE_STRIP = NO;
				DEBUG_INFORMATION_FORMAT = dwarf;
				ENABLE_STRICT_OBJC_MSGSEND = YES;
				ENABLE_TESTABILITY = YES;
				ENABLE_USER_SCRIPT_SANDBOXING = YES;
				GCC_C_LANGUAGE_STANDARD = gnu17;
				GCC_DYNAMIC_NO_PIC = NO;
				GCC_NO_COMMON_BLOCKS = YES;
				GCC_OPTIMIZATION_LEVEL = 0;
				GCC_PREPROCESSOR_DEFINITIONS = (
					"DEBUG=1",
					"$(inherited)",
				);
				GCC_WARN_64_TO_32_BIT_CONVERSION = YES;
				GCC_WARN_ABOUT_RETURN_TYPE = YES_ERROR;
				GCC_WARN_UNDECLARED_SELECTOR = YES;
				GCC_WARN_UNINITIALIZED_AUTOS = YES_AGGRESSIVE;
				GCC_WARN_UNUSED_FUNCTION = YES;
				GCC_WARN_UNUSED_VARIABLE = YES;
				IPHONEOS_DEPLOYMENT_TARGET = 18.1;
				LOCALIZATION_PREFERS_STRING_CATALOGS = YES;
				MTL_ENABLE_DEBUG_INFO = INCLUDE_SOURCE;
				MTL_FAST_MATH = YES;
				ONLY_ACTIVE_ARCH = YES;
				SDKROOT = iphoneos;
				SWIFT_ACTIVE_COMPILATION_CONDITIONS = "DEBUG $(inherited)";
				SWIFT_OPTIMIZATION_LEVEL = "-Onone";
			};
			name = Debug;
		};
		18FBD2D72CD6742000A00CFB /* Release */ = {
			isa = XCBuildConfiguration;
			buildSettings = {
				ALWAYS_SEARCH_USER_PATHS = NO;
				ASSETCATALOG_COMPILER_GENERATE_SWIFT_ASSET_SYMBOL_EXTENSIONS = YES;
				CLANG_ANALYZER_NONNULL = YES;
				CLANG_ANALYZER_NUMBER_OBJECT_CONVERSION = YES_AGGRESSIVE;
				CLANG_CXX_LANGUAGE_STANDARD = "gnu++20";
				CLANG_ENABLE_MODULES = YES;
				CLANG_ENABLE_OBJC_ARC = YES;
				CLANG_ENABLE_OBJC_WEAK = YES;
				CLANG_WARN_BLOCK_CAPTURE_AUTORELEASING = YES;
				CLANG_WARN_BOOL_CONVERSION = YES;
				CLANG_WARN_COMMA = YES;
				CLANG_WARN_CONSTANT_CONVERSION = YES;
				CLANG_WARN_DEPRECATED_OBJC_IMPLEMENTATIONS = YES;
				CLANG_WARN_DIRECT_OBJC_ISA_USAGE = YES_ERROR;
				CLANG_WARN_DOCUMENTATION_COMMENTS = YES;
				CLANG_WARN_EMPTY_BODY = YES;
				CLANG_WARN_ENUM_CONVERSION = YES;
				CLANG_WARN_INFINITE_RECURSION = YES;
				CLANG_WARN_INT_CONVERSION = YES;
				CLANG_WARN_NON_LITERAL_NULL_CONVERSION = YES;
				CLANG_WARN_OBJC_IMPLICIT_RETAIN_SELF = YES;
				CLANG_WARN_OBJC_LITERAL_CONVERSION = YES;
				CLANG_WARN_OBJC_ROOT_CLASS = YES_ERROR;
				CLANG_WARN_QUOTED_INCLUDE_IN_FRAMEWORK_HEADER = YES;
				CLANG_WARN_RANGE_LOOP_ANALYSIS = YES;
				CLANG_WARN_STRICT_PROTOTYPES = YES;
				CLANG_WARN_SUSPICIOUS_MOVE = YES;
				CLANG_WARN_UNGUARDED_AVAILABILITY = YES_AGGRESSIVE;
				CLANG_WARN_UNREACHABLE_CODE = YES;
				CLANG_WARN__DUPLICATE_METHOD_MATCH = YES;
				COPY_PHASE_STRIP = NO;
				DEBUG_INFORMATION_FORMAT = "dwarf-with-dsym";
				ENABLE_NS_ASSERTIONS = NO;
				ENABLE_STRICT_OBJC_MSGSEND = YES;
				ENABLE_USER_SCRIPT_SANDBOXING = YES;
				GCC_C_LANGUAGE_STANDARD = gnu17;
				GCC_NO_COMMON_BLOCKS = YES;
				GCC_WARN_64_TO_32_BIT_CONVERSION = YES;
				GCC_WARN_ABOUT_RETURN_TYPE = YES_ERROR;
				GCC_WARN_UNDECLARED_SELECTOR = YES;
				GCC_WARN_UNINITIALIZED_AUTOS = YES_AGGRESSIVE;
				GCC_WARN_UNUSED_FUNCTION = YES;
				GCC_WARN_UNUSED_VARIABLE = YES;
				IPHONEOS_DEPLOYMENT_TARGET = 18.1;
				LOCALIZATION_PREFERS_STRING_CATALOGS = YES;
				MTL_ENABLE_DEBUG_INFO = NO;
				MTL_FAST_MATH = YES;
				SDKROOT = iphoneos;
				SWIFT_COMPILATION_MODE = wholemodule;
				VALIDATE_PRODUCT = YES;
			};
			name = Release;
		};
		18FBD2D92CD6742000A00CFB /* Debug */ = {
			isa = XCBuildConfiguration;
			buildSettings = {
				ASSETCATALOG_COMPILER_APPICON_NAME = AppIcon;
				ASSETCATALOG_COMPILER_GLOBAL_ACCENT_COLOR_NAME = AccentColor;
				CODE_SIGN_STYLE = Automatic;
				CURRENT_PROJECT_VERSION = 1;
				DEVELOPMENT_ASSET_PATHS = "\"week1_class/Preview Content\"";
				ENABLE_PREVIEWS = YES;
				GENERATE_INFOPLIST_FILE = YES;
				INFOPLIST_KEY_UIApplicationSceneManifest_Generation = YES;
				INFOPLIST_KEY_UIApplicationSupportsIndirectInputEvents = YES;
				INFOPLIST_KEY_UILaunchScreen_Generation = YES;
				INFOPLIST_KEY_UISupportedInterfaceOrientations_iPad = "UIInterfaceOrientationPortrait UIInterfaceOrientationPortraitUpsideDown UIInterfaceOrientationLandscapeLeft UIInterfaceOrientationLandscapeRight";
				INFOPLIST_KEY_UISupportedInterfaceOrientations_iPhone = "UIInterfaceOrientationPortrait UIInterfaceOrientationLandscapeLeft UIInterfaceOrientationLandscapeRight";
				LD_RUNPATH_SEARCH_PATHS = (
					"$(inherited)",
					"@executable_path/Frameworks",
				);
				MARKETING_VERSION = 1.0;
				PRODUCT_BUNDLE_IDENTIFIER = "chika.week1-class";
				PRODUCT_NAME = "$(TARGET_NAME)";
				SWIFT_EMIT_LOC_STRINGS = YES;
				SWIFT_VERSION = 5.0;
				TARGETED_DEVICE_FAMILY = "1,2";
			};
			name = Debug;
		};
		18FBD2DA2CD6742000A00CFB /* Release */ = {
			isa = XCBuildConfiguration;
			buildSettings = {
				ASSETCATALOG_COMPILER_APPICON_NAME = AppIcon;
				ASSETCATALOG_COMPILER_GLOBAL_ACCENT_COLOR_NAME = AccentColor;
				CODE_SIGN_STYLE = Automatic;
				CURRENT_PROJECT_VERSION = 1;
				DEVELOPMENT_ASSET_PATHS = "\"week1_class/Preview Content\"";
				ENABLE_PREVIEWS = YES;
				GENERATE_INFOPLIST_FILE = YES;
				INFOPLIST_KEY_UIApplicationSceneManifest_Generation = YES;
				INFOPLIST_KEY_UIApplicationSupportsIndirectInputEvents = YES;
				INFOPLIST_KEY_UILaunchScreen_Generation = YES;
				INFOPLIST_KEY_UISupportedInterfaceOrientations_iPad = "UIInterfaceOrientationPortrait UIInterfaceOrientationPortraitUpsideDown UIInterfaceOrientationLandscapeLeft UIInterfaceOrientationLandscapeRight";
				INFOPLIST_KEY_UISupportedInterfaceOrientations_iPhone = "UIInterfaceOrientationPortrait UIInterfaceOrientationLandscapeLeft UIInterfaceOrientationLandscapeRight";
				LD_RUNPATH_SEARCH_PATHS = (
					"$(inherited)",
					"@executable_path/Frameworks",
				);
				MARKETING_VERSION = 1.0;
				PRODUCT_BUNDLE_IDENTIFIER = "chika.week1-class";
				PRODUCT_NAME = "$(TARGET_NAME)";
				SWIFT_EMIT_LOC_STRINGS = YES;
				SWIFT_VERSION = 5.0;
				TARGETED_DEVICE_FAMILY = "1,2";
			};
			name = Release;
		};
		18FBD2DC2CD6742000A00CFB /* Debug */ = {
			isa = XCBuildConfiguration;
			buildSettings = {
				BUNDLE_LOADER = "$(TEST_HOST)";
				CODE_SIGN_STYLE = Automatic;
				CURRENT_PROJECT_VERSION = 1;
				GENERATE_INFOPLIST_FILE = YES;
				IPHONEOS_DEPLOYMENT_TARGET = 18.1;
				MARKETING_VERSION = 1.0;
				PRODUCT_BUNDLE_IDENTIFIER = "chika.week1-classTests";
				PRODUCT_NAME = "$(TARGET_NAME)";
				SWIFT_EMIT_LOC_STRINGS = NO;
				SWIFT_VERSION = 5.0;
				TARGETED_DEVICE_FAMILY = "1,2";
				TEST_HOST = "$(BUILT_PRODUCTS_DIR)/week1_class.app/$(BUNDLE_EXECUTABLE_FOLDER_PATH)/week1_class";
			};
			name = Debug;
		};
		18FBD2DD2CD6742000A00CFB /* Release */ = {
			isa = XCBuildConfiguration;
			buildSettings = {
				BUNDLE_LOADER = "$(TEST_HOST)";
				CODE_SIGN_STYLE = Automatic;
				CURRENT_PROJECT_VERSION = 1;
				GENERATE_INFOPLIST_FILE = YES;
				IPHONEOS_DEPLOYMENT_TARGET = 18.1;
				MARKETING_VERSION = 1.0;
				PRODUCT_BUNDLE_IDENTIFIER = "chika.week1-classTests";
				PRODUCT_NAME = "$(TARGET_NAME)";
				SWIFT_EMIT_LOC_STRINGS = NO;
				SWIFT_VERSION = 5.0;
				TARGETED_DEVICE_FAMILY = "1,2";
				TEST_HOST = "$(BUILT_PRODUCTS_DIR)/week1_class.app/$(BUNDLE_EXECUTABLE_FOLDER_PATH)/week1_class";
			};
			name = Release;
		};
		18FBD2DF2CD6742000A00CFB /* Debug */ = {
			isa = XCBuildConfiguration;
			buildSettings = {
				CODE_SIGN_STYLE = Automatic;
				CURRENT_PROJECT_VERSION = 1;
				GENERATE_INFOPLIST_FILE = YES;
				MARKETING_VERSION = 1.0;
				PRODUCT_BUNDLE_IDENTIFIER = "chika.week1-classUITests";
				PRODUCT_NAME = "$(TARGET_NAME)";
				SWIFT_EMIT_LOC_STRINGS = NO;
				SWIFT_VERSION = 5.0;
				TARGETED_DEVICE_FAMILY = "1,2";
				TEST_TARGET_NAME = week1_class;
			};
			name = Debug;
		};
		18FBD2E02CD6742000A00CFB /* Release */ = {
			isa = XCBuildConfiguration;
			buildSettings = {
				CODE_SIGN_STYLE = Automatic;
				CURRENT_PROJECT_VERSION = 1;
				GENERATE_INFOPLIST_FILE = YES;
				MARKETING_VERSION = 1.0;
				PRODUCT_BUNDLE_IDENTIFIER = "chika.week1-classUITests";
				PRODUCT_NAME = "$(TARGET_NAME)";
				SWIFT_EMIT_LOC_STRINGS = NO;
				SWIFT_VERSION = 5.0;
				TARGETED_DEVICE_FAMILY = "1,2";
				TEST_TARGET_NAME = week1_class;
			};
			name = Release;
		};
/* End XCBuildConfiguration section */

/* Begin XCConfigurationList section */
		18FBD2AF2CD6741F00A00CFB /* Build configuration list for PBXProject "week1_class" */ = {
			isa = XCConfigurationList;
			buildConfigurations = (
				18FBD2D62CD6742000A00CFB /* Debug */,
				18FBD2D72CD6742000A00CFB /* Release */,
			);
			defaultConfigurationIsVisible = 0;
			defaultConfigurationName = Release;
		};
		18FBD2D82CD6742000A00CFB /* Build configuration list for PBXNativeTarget "week1_class" */ = {
			isa = XCConfigurationList;
			buildConfigurations = (
				18FBD2D92CD6742000A00CFB /* Debug */,
				18FBD2DA2CD6742000A00CFB /* Release */,
			);
			defaultConfigurationIsVisible = 0;
			defaultConfigurationName = Release;
		};
		18FBD2DB2CD6742000A00CFB /* Build configuration list for PBXNativeTarget "week1_classTests" */ = {
			isa = XCConfigurationList;
			buildConfigurations = (
				18FBD2DC2CD6742000A00CFB /* Debug */,
				18FBD2DD2CD6742000A00CFB /* Release */,
			);
			defaultConfigurationIsVisible = 0;
			defaultConfigurationName = Release;
		};
		18FBD2DE2CD6742000A00CFB /* Build configuration list for PBXNativeTarget "week1_classUITests" */ = {
			isa = XCConfigurationList;
			buildConfigurations = (
				18FBD2DF2CD6742000A00CFB /* Debug */,
				18FBD2E02CD6742000A00CFB /* Release */,
			);
			defaultConfigurationIsVisible = 0;
			defaultConfigurationName = Release;
		};
/* End XCConfigurationList section */
	};
	rootObject = 18FBD2AC2CD6741F00A00CFB /* Project object */;
}
